
Microsoft Visual Studio Solution File, Format Version 12.00
# Visual Studio Version 17
VisualStudioVersion = 17.0.31919.166
MinimumVisualStudioVersion = 10.0.40219.1
Project("{9A19103F-16F7-4668-BE54-9A1E7A4F7556}") = "TwikturesServer", "TwikturesServer\TwikturesServer.csproj", "{462B5C29-64D8-4E30-9C9E-695BCAD459F9}"
EndProject
Project("{9A19103F-16F7-4668-BE54-9A1E7A4F7556}") = "TwikturesClient", "TwikturesClient\TwikturesClient.csproj", "{3E7BC919-D4A7-45E8-8CCA-BA556EE7D621}"
EndProject
Project("{2150E333-8FDC-42A3-9474-1A3956D46DE8}") = "Solution Items", "Solution Items", "{D4010EC7-0498-4ABD-A774-A60FDCFACF24}"
	ProjectSection(SolutionItems) = preProject
		.env = .env
		docker-compose.yml = docker-compose.yml
	EndProjectSection
EndProject
Project("{2150E333-8FDC-42A3-9474-1A3956D46DE8}") = "Core", "Core", "{EFDB9FBC-323B-41D8-AAAE-1D1B6206FC99}"
EndProject
Project("{2150E333-8FDC-42A3-9474-1A3956D46DE8}") = "Frontend", "Frontend", "{8082F817-3C21-4027-B229-A40A19107A54}"
EndProject
Project("{9A19103F-16F7-4668-BE54-9A1E7A4F7556}") = "Domain", "Domain\Domain.csproj", "{ACA5085E-EB64-4266-AACB-7A418877E722}"
EndProject
Project("{2150E333-8FDC-42A3-9474-1A3956D46DE8}") = "Infrastructure", "Infrastructure", "{D4E49D01-D969-4BBC-ADF4-8C598CAC7543}"
EndProject
Project("{9A19103F-16F7-4668-BE54-9A1E7A4F7556}") = "Infrastructure", "Infrastructure\Infrastructure.csproj", "{101F52C7-EE09-4823-A7C0-5799735F5875}"
EndProject
Project("{FAE04EC0-301F-11D3-BF4B-00C04F79EFBC}") = "Application", "Application\Application.csproj", "{F1F766DE-C682-4336-9A2B-53F4FF87FF55}"
EndProject
Global
	GlobalSection(SolutionConfigurationPlatforms) = preSolution
		Debug|Any CPU = Debug|Any CPU
		Release|Any CPU = Release|Any CPU
	EndGlobalSection
	GlobalSection(ProjectConfigurationPlatforms) = postSolution
		{462B5C29-64D8-4E30-9C9E-695BCAD459F9}.Debug|Any CPU.ActiveCfg = Debug|Any CPU
		{462B5C29-64D8-4E30-9C9E-695BCAD459F9}.Debug|Any CPU.Build.0 = Debug|Any CPU
		{462B5C29-64D8-4E30-9C9E-695BCAD459F9}.Release|Any CPU.ActiveCfg = Release|Any CPU
		{462B5C29-64D8-4E30-9C9E-695BCAD459F9}.Release|Any CPU.Build.0 = Release|Any CPU
		{3E7BC919-D4A7-45E8-8CCA-BA556EE7D621}.Debug|Any CPU.ActiveCfg = Debug|Any CPU
		{3E7BC919-D4A7-45E8-8CCA-BA556EE7D621}.Debug|Any CPU.Build.0 = Debug|Any CPU
		{3E7BC919-D4A7-45E8-8CCA-BA556EE7D621}.Release|Any CPU.ActiveCfg = Release|Any CPU
		{3E7BC919-D4A7-45E8-8CCA-BA556EE7D621}.Release|Any CPU.Build.0 = Release|Any CPU
		{ACA5085E-EB64-4266-AACB-7A418877E722}.Debug|Any CPU.ActiveCfg = Debug|Any CPU
		{ACA5085E-EB64-4266-AACB-7A418877E722}.Debug|Any CPU.Build.0 = Debug|Any CPU
		{ACA5085E-EB64-4266-AACB-7A418877E722}.Release|Any CPU.ActiveCfg = Release|Any CPU
		{ACA5085E-EB64-4266-AACB-7A418877E722}.Release|Any CPU.Build.0 = Release|Any CPU
		{101F52C7-EE09-4823-A7C0-5799735F5875}.Debug|Any CPU.ActiveCfg = Debug|Any CPU
		{101F52C7-EE09-4823-A7C0-5799735F5875}.Debug|Any CPU.Build.0 = Debug|Any CPU
		{101F52C7-EE09-4823-A7C0-5799735F5875}.Release|Any CPU.ActiveCfg = Release|Any CPU
		{101F52C7-EE09-4823-A7C0-5799735F5875}.Release|Any CPU.Build.0 = Release|Any CPU
		{F1F766DE-C682-4336-9A2B-53F4FF87FF55}.Debug|Any CPU.ActiveCfg = Debug|Any CPU
		{F1F766DE-C682-4336-9A2B-53F4FF87FF55}.Debug|Any CPU.Build.0 = Debug|Any CPU
		{F1F766DE-C682-4336-9A2B-53F4FF87FF55}.Release|Any CPU.ActiveCfg = Release|Any CPU
		{F1F766DE-C682-4336-9A2B-53F4FF87FF55}.Release|Any CPU.Build.0 = Release|Any CPU
	EndGlobalSection
	GlobalSection(SolutionProperties) = preSolution
		HideSolutionNode = FALSE
	EndGlobalSection
	GlobalSection(NestedProjects) = preSolution
		{462B5C29-64D8-4E30-9C9E-695BCAD459F9} = {EFDB9FBC-323B-41D8-AAAE-1D1B6206FC99}
		{3E7BC919-D4A7-45E8-8CCA-BA556EE7D621} = {8082F817-3C21-4027-B229-A40A19107A54}
		{ACA5085E-EB64-4266-AACB-7A418877E722} = {EFDB9FBC-323B-41D8-AAAE-1D1B6206FC99}
		{D4E49D01-D969-4BBC-ADF4-8C598CAC7543} = {EFDB9FBC-323B-41D8-AAAE-1D1B6206FC99}
		{101F52C7-EE09-4823-A7C0-5799735F5875} = {D4E49D01-D969-4BBC-ADF4-8C598CAC7543}
		{F1F766DE-C682-4336-9A2B-53F4FF87FF55} = {EFDB9FBC-323B-41D8-AAAE-1D1B6206FC99}
	EndGlobalSection
	GlobalSection(ExtensibilityGlobals) = postSolution
		SolutionGuid = {32171899-AB8A-4758-A3CD-D35371D6F7EC}
	EndGlobalSection
EndGlobal
